
Microsoft Visual Studio Solution File, Format Version 12.00
# Visual Studio Version 17
VisualStudioVersion = 17.9.34622.214
MinimumVisualStudioVersion = 10.0.40219.1
Project("{FAE04EC0-301F-11D3-BF4B-00C04F79EFBC}") = "Olimpiclink.API", "Olimpiclink.API\Olimpiclink.API.csproj", "{286B5AA5-7BFD-4F26-ADF1-545F255A27AF}"
EndProject
Global
	GlobalSection(SolutionConfigurationPlatforms) = preSolution
		Debug|Any CPU = Debug|Any CPU
		Release|Any CPU = Release|Any CPU
	EndGlobalSection
	GlobalSection(ProjectConfigurationPlatforms) = postSolution
		{286B5AA5-7BFD-4F26-ADF1-545F255A27AF}.Debug|Any CPU.ActiveCfg = Debug|Any CPU
		{286B5AA5-7BFD-4F26-ADF1-545F255A27AF}.Debug|Any CPU.Build.0 = Debug|Any CPU
		{286B5AA5-7BFD-4F26-ADF1-545F255A27AF}.Release|Any CPU.ActiveCfg = Release|Any CPU
		{286B5AA5-7BFD-4F26-ADF1-545F255A27AF}.Release|Any CPU.Build.0 = Release|Any CPU
	EndGlobalSection
	GlobalSection(SolutionProperties) = preSolution
		HideSolutionNode = FALSE
	EndGlobalSection
	GlobalSection(ExtensibilityGlobals) = postSolution
		SolutionGuid = {0AA12664-0F70-4E02-B588-013309E83CC4}
	EndGlobalSection
EndGlobal
